// !$*UTF8*$!
{
	archiveVersion = 1;
	classes = {
	};
	objectVersion = 56;
	objects = {

/* Begin PBXBuildFile section */
		A601E0932CDA4201002DFCCA /* AppDelegate.swift in Sources */ = {isa = PBXBuildFile; fileRef = A601E0922CDA4201002DFCCA /* AppDelegate.swift */; };
		A601E0952CDA4201002DFCCA /* SceneDelegate.swift in Sources */ = {isa = PBXBuildFile; fileRef = A601E0942CDA4201002DFCCA /* SceneDelegate.swift */; };
		A601E0972CDA4201002DFCCA /* ViewController.swift in Sources */ = {isa = PBXBuildFile; fileRef = A601E0962CDA4201002DFCCA /* ViewController.swift */; };
		A601E09A2CDA4201002DFCCA /* Main.storyboard in Resources */ = {isa = PBXBuildFile; fileRef = A601E0982CDA4201002DFCCA /* Main.storyboard */; };
		A601E09C2CDA4203002DFCCA /* Assets.xcassets in Resources */ = {isa = PBXBuildFile; fileRef = A601E09B2CDA4203002DFCCA /* Assets.xcassets */; };
		A601E09F2CDA4203002DFCCA /* LaunchScreen.storyboard in Resources */ = {isa = PBXBuildFile; fileRef = A601E09D2CDA4203002DFCCA /* LaunchScreen.storyboard */; };
		A601E0A72CDA4664002DFCCA /* PJCameraView.swift in Sources */ = {isa = PBXBuildFile; fileRef = A601E0A62CDA4664002DFCCA /* PJCameraView.swift */; };
		A601E0AA2CDB202D002DFCCA /* PJCameraViewController.swift in Sources */ = {isa = PBXBuildFile; fileRef = A601E0A92CDB202D002DFCCA /* PJCameraViewController.swift */; };
		A601E0AC2CDB561B002DFCCA /* CameraBottomControlView.swift in Sources */ = {isa = PBXBuildFile; fileRef = A601E0AB2CDB561B002DFCCA /* CameraBottomControlView.swift */; };
		A68104692D2D5A8200F88F77 /* CircularCodeViewController.swift in Sources */ = {isa = PBXBuildFile; fileRef = A68104682D2D5A8200F88F77 /* CircularCodeViewController.swift */; };
		A681046E2D2D61A200F88F77 /* CircularCodeOpenCVWrapper.mm in Sources */ = {isa = PBXBuildFile; fileRef = A681046D2D2D61A200F88F77 /* CircularCodeOpenCVWrapper.mm */; };
		A6CB23322E60089300701AA3 /* code11.png in Resources */ = {isa = PBXBuildFile; fileRef = A6CB23312E60089300701AA3 /* code11.png */; };
		A6F4499D2D5384700098208B /* CircularCodeDetect.cpp in Sources */ = {isa = PBXBuildFile; fileRef = A6F4499B2D5384700098208B /* CircularCodeDetect.cpp */; };
		DAF5A0A1561A9FC861028C14 /* Pods_CameraTest.framework in Frameworks */ = {isa = PBXBuildFile; fileRef = 73CD4E6B388B6F4673A8B560 /* Pods_CameraTest.framework */; };
/* End PBXBuildFile section */

/* Begin PBXFileReference section */
		73CD4E6B388B6F4673A8B560 /* Pods_CameraTest.framework */ = {isa = PBXFileReference; explicitFileType = wrapper.framework; includeInIndex = 0; path = Pods_CameraTest.framework; sourceTree = BUILT_PRODUCTS_DIR; };
		9FC76FE6AEA47F9C8F30478C /* Pods-CameraTest.debug.xcconfig */ = {isa = PBXFileReference; includeInIndex = 1; lastKnownFileType = text.xcconfig; name = "Pods-CameraTest.debug.xcconfig"; path = "Target Support Files/Pods-CameraTest/Pods-CameraTest.debug.xcconfig"; sourceTree = "<group>"; };
		A601E08F2CDA4201002DFCCA /* CameraTest.app */ = {isa = PBXFileReference; explicitFileType = wrapper.application; includeInIndex = 0; path = CameraTest.app; sourceTree = BUILT_PRODUCTS_DIR; };
		A601E0922CDA4201002DFCCA /* AppDelegate.swift */ = {isa = PBXFileReference; lastKnownFileType = sourcecode.swift; path = AppDelegate.swift; sourceTree = "<group>"; };
		A601E0942CDA4201002DFCCA /* SceneDelegate.swift */ = {isa = PBXFileReference; lastKnownFileType = sourcecode.swift; path = SceneDelegate.swift; sourceTree = "<group>"; };
		A601E0962CDA4201002DFCCA /* ViewController.swift */ = {isa = PBXFileReference; lastKnownFileType = sourcecode.swift; path = ViewController.swift; sourceTree = "<group>"; };
		A601E0992CDA4201002DFCCA /* Base */ = {isa = PBXFileReference; lastKnownFileType = file.storyboard; name = Base; path = Base.lproj/Main.storyboard; sourceTree = "<group>"; };
		A601E09B2CDA4203002DFCCA /* Assets.xcassets */ = {isa = PBXFileReference; lastKnownFileType = folder.assetcatalog; path = Assets.xcassets; sourceTree = "<group>"; };
		A601E09E2CDA4203002DFCCA /* Base */ = {isa = PBXFileReference; lastKnownFileType = file.storyboard; name = Base; path = Base.lproj/LaunchScreen.storyboard; sourceTree = "<group>"; };
		A601E0A02CDA4203002DFCCA /* Info.plist */ = {isa = PBXFileReference; lastKnownFileType = text.plist.xml; path = Info.plist; sourceTree = "<group>"; };
		A601E0A62CDA4664002DFCCA /* PJCameraView.swift */ = {isa = PBXFileReference; lastKnownFileType = sourcecode.swift; path = PJCameraView.swift; sourceTree = "<group>"; };
		A601E0A92CDB202D002DFCCA /* PJCameraViewController.swift */ = {isa = PBXFileReference; lastKnownFileType = sourcecode.swift; path = PJCameraViewController.swift; sourceTree = "<group>"; };
		A601E0AB2CDB561B002DFCCA /* CameraBottomControlView.swift */ = {isa = PBXFileReference; lastKnownFileType = sourcecode.swift; path = CameraBottomControlView.swift; sourceTree = "<group>"; };
		A68104682D2D5A8200F88F77 /* CircularCodeViewController.swift */ = {isa = PBXFileReference; lastKnownFileType = sourcecode.swift; path = CircularCodeViewController.swift; sourceTree = "<group>"; };
		A681046B2D2D61A200F88F77 /* CameraTest-Bridging-Header.h */ = {isa = PBXFileReference; lastKnownFileType = sourcecode.c.h; path = "CameraTest-Bridging-Header.h"; sourceTree = "<group>"; };
		A681046C2D2D61A200F88F77 /* CircularCodeOpenCVWrapper.h */ = {isa = PBXFileReference; lastKnownFileType = sourcecode.c.h; path = CircularCodeOpenCVWrapper.h; sourceTree = "<group>"; };
		A681046D2D2D61A200F88F77 /* CircularCodeOpenCVWrapper.mm */ = {isa = PBXFileReference; lastKnownFileType = sourcecode.cpp.objcpp; path = CircularCodeOpenCVWrapper.mm; sourceTree = "<group>"; };
		A6CB23312E60089300701AA3 /* code11.png */ = {isa = PBXFileReference; lastKnownFileType = image.png; path = code11.png; sourceTree = "<group>"; };
		A6F4499B2D5384700098208B /* CircularCodeDetect.cpp */ = {isa = PBXFileReference; lastKnownFileType = sourcecode.cpp.cpp; path = CircularCodeDetect.cpp; sourceTree = "<group>"; };
		A6F4499C2D5384700098208B /* CircularCodeDetect.hpp */ = {isa = PBXFileReference; lastKnownFileType = sourcecode.cpp.h; path = CircularCodeDetect.hpp; sourceTree = "<group>"; };
		CDEAF417598D75F7C9490D19 /* Pods-CameraTest.release.xcconfig */ = {isa = PBXFileReference; includeInIndex = 1; lastKnownFileType = text.xcconfig; name = "Pods-CameraTest.release.xcconfig"; path = "Target Support Files/Pods-CameraTest/Pods-CameraTest.release.xcconfig"; sourceTree = "<group>"; };
/* End PBXFileReference section */

/* Begin PBXFrameworksBuildPhase section */
		A601E08C2CDA4201002DFCCA /* Frameworks */ = {
			isa = PBXFrameworksBuildPhase;
			buildActionMask = 2147483647;
			files = (
				DAF5A0A1561A9FC861028C14 /* Pods_CameraTest.framework in Frameworks */,
			);
			runOnlyForDeploymentPostprocessing = 0;
		};
/* End PBXFrameworksBuildPhase section */

/* Begin PBXGroup section */
		A601E0862CDA4201002DFCCA = {
			isa = PBXGroup;
			children = (
				A601E0912CDA4201002DFCCA /* CameraTest */,
				A601E0902CDA4201002DFCCA /* Products */,
				FF93A8CA131FF88D058BA092 /* Pods */,
				EE72B69053B94DC93B274AC4 /* Frameworks */,
			);
			sourceTree = "<group>";
		};
		A601E0902CDA4201002DFCCA /* Products */ = {
			isa = PBXGroup;
			children = (
				A601E08F2CDA4201002DFCCA /* CameraTest.app */,
			);
			name = Products;
			sourceTree = "<group>";
		};
		A601E0912CDA4201002DFCCA /* CameraTest */ = {
			isa = PBXGroup;
			children = (
				A68104672D2D5A2000F88F77 /* RECodeRecognition */,
				A601E0A82CDB1FDD002DFCCA /* PJ */,
				A601E0922CDA4201002DFCCA /* AppDelegate.swift */,
				A601E0942CDA4201002DFCCA /* SceneDelegate.swift */,
				A601E0962CDA4201002DFCCA /* ViewController.swift */,
				A601E0982CDA4201002DFCCA /* Main.storyboard */,
				A601E09B2CDA4203002DFCCA /* Assets.xcassets */,
				A601E09D2CDA4203002DFCCA /* LaunchScreen.storyboard */,
				A601E0A02CDA4203002DFCCA /* Info.plist */,
			);
			path = CameraTest;
			sourceTree = "<group>";
		};
		A601E0A82CDB1FDD002DFCCA /* PJ */ = {
			isa = PBXGroup;
			children = (
				A601E0A62CDA4664002DFCCA /* PJCameraView.swift */,
				A601E0A92CDB202D002DFCCA /* PJCameraViewController.swift */,
				A601E0AB2CDB561B002DFCCA /* CameraBottomControlView.swift */,
			);
			path = PJ;
			sourceTree = "<group>";
		};
		A68104672D2D5A2000F88F77 /* RECodeRecognition */ = {
			isa = PBXGroup;
			children = (
				A6CB23302E60087700701AA3 /* ImageSource */,
				A68104682D2D5A8200F88F77 /* CircularCodeViewController.swift */,
				A681046C2D2D61A200F88F77 /* CircularCodeOpenCVWrapper.h */,
				A681046D2D2D61A200F88F77 /* CircularCodeOpenCVWrapper.mm */,
				A681046B2D2D61A200F88F77 /* CameraTest-Bridging-Header.h */,
				A6F4499B2D5384700098208B /* CircularCodeDetect.cpp */,
				A6F4499C2D5384700098208B /* CircularCodeDetect.hpp */,
			);
			path = RECodeRecognition;
			sourceTree = "<group>";
		};
		A6CB23302E60087700701AA3 /* ImageSource */ = {
			isa = PBXGroup;
			children = (
				A6CB23312E60089300701AA3 /* code11.png */,
			);
			path = ImageSource;
			sourceTree = "<group>";
		};
		EE72B69053B94DC93B274AC4 /* Frameworks */ = {
			isa = PBXGroup;
			children = (
				73CD4E6B388B6F4673A8B560 /* Pods_CameraTest.framework */,
			);
			name = Frameworks;
			sourceTree = "<group>";
		};
		FF93A8CA131FF88D058BA092 /* Pods */ = {
			isa = PBXGroup;
			children = (
				9FC76FE6AEA47F9C8F30478C /* Pods-CameraTest.debug.xcconfig */,
				CDEAF417598D75F7C9490D19 /* Pods-CameraTest.release.xcconfig */,
			);
			path = Pods;
			sourceTree = "<group>";
		};
/* End PBXGroup section */

/* Begin PBXNativeTarget section */
		A601E08E2CDA4201002DFCCA /* CameraTest */ = {
			isa = PBXNativeTarget;
			buildConfigurationList = A601E0A32CDA4203002DFCCA /* Build configuration list for PBXNativeTarget "CameraTest" */;
			buildPhases = (
				CA2BC0357D012B37E13F5082 /* [CP] Check Pods Manifest.lock */,
				A601E08B2CDA4201002DFCCA /* Sources */,
				A601E08C2CDA4201002DFCCA /* Frameworks */,
				A601E08D2CDA4201002DFCCA /* Resources */,
			);
			buildRules = (
			);
			dependencies = (
			);
			name = CameraTest;
			productName = CameraTest;
			productReference = A601E08F2CDA4201002DFCCA /* CameraTest.app */;
			productType = "com.apple.product-type.application";
		};
/* End PBXNativeTarget section */

/* Begin PBXProject section */
		A601E0872CDA4201002DFCCA /* Project object */ = {
			isa = PBXProject;
			attributes = {
				BuildIndependentTargetsInParallel = 1;
				LastSwiftUpdateCheck = 1500;
				LastUpgradeCheck = 1500;
				TargetAttributes = {
					A601E08E2CDA4201002DFCCA = {
						CreatedOnToolsVersion = 15.0;
						LastSwiftMigration = 1500;
					};
				};
			};
			buildConfigurationList = A601E08A2CDA4201002DFCCA /* Build configuration list for PBXProject "CameraTest" */;
			compatibilityVersion = "Xcode 14.0";
			developmentRegion = en;
			hasScannedForEncodings = 0;
			knownRegions = (
				en,
				Base,
			);
			mainGroup = A601E0862CDA4201002DFCCA;
			productRefGroup = A601E0902CDA4201002DFCCA /* Products */;
			projectDirPath = "";
			projectRoot = "";
			targets = (
				A601E08E2CDA4201002DFCCA /* CameraTest */,
			);
		};
/* End PBXProject section */

/* Begin PBXResourcesBuildPhase section */
		A601E08D2CDA4201002DFCCA /* Resources */ = {
			isa = PBXResourcesBuildPhase;
			buildActionMask = 2147483647;
			files = (
				A601E09F2CDA4203002DFCCA /* LaunchScreen.storyboard in Resources */,
				A601E09C2CDA4203002DFCCA /* Assets.xcassets in Resources */,
				A6CB23322E60089300701AA3 /* code11.png in Resources */,
				A601E09A2CDA4201002DFCCA /* Main.storyboard in Resources */,
			);
			runOnlyForDeploymentPostprocessing = 0;
		};
/* End PBXResourcesBuildPhase section */

/* Begin PBXShellScriptBuildPhase section */
		CA2BC0357D012B37E13F5082 /* [CP] Check Pods Manifest.lock */ = {
			isa = PBXShellScriptBuildPhase;
			buildActionMask = 2147483647;
			files = (
			);
			inputFileListPaths = (
			);
			inputPaths = (
				"${PODS_PODFILE_DIR_PATH}/Podfile.lock",
				"${PODS_ROOT}/Manifest.lock",
			);
			name = "[CP] Check Pods Manifest.lock";
			outputFileListPaths = (
			);
			outputPaths = (
				"$(DERIVED_FILE_DIR)/Pods-CameraTest-checkManifestLockResult.txt",
			);
			runOnlyForDeploymentPostprocessing = 0;
			shellPath = /bin/sh;
			shellScript = "diff \"${PODS_PODFILE_DIR_PATH}/Podfile.lock\" \"${PODS_ROOT}/Manifest.lock\" > /dev/null\nif [ $? != 0 ] ; then\n    # print error to STDERR\n    echo \"error: The sandbox is not in sync with the Podfile.lock. Run 'pod install' or update your CocoaPods installation.\" >&2\n    exit 1\nfi\n# This output is used by Xcode 'outputs' to avoid re-running this script phase.\necho \"SUCCESS\" > \"${SCRIPT_OUTPUT_FILE_0}\"\n";
			showEnvVarsInLog = 0;
		};
/* End PBXShellScriptBuildPhase section */

/* Begin PBXSourcesBuildPhase section */
		A601E08B2CDA4201002DFCCA /* Sources */ = {
			isa = PBXSourcesBuildPhase;
			buildActionMask = 2147483647;
			files = (
				A681046E2D2D61A200F88F77 /* CircularCodeOpenCVWrapper.mm in Sources */,
				A601E0AC2CDB561B002DFCCA /* CameraBottomControlView.swift in Sources */,
				A6F4499D2D5384700098208B /* CircularCodeDetect.cpp in Sources */,
				A601E0972CDA4201002DFCCA /* ViewController.swift in Sources */,
				A601E0932CDA4201002DFCCA /* AppDelegate.swift in Sources */,
				A601E0952CDA4201002DFCCA /* SceneDelegate.swift in Sources */,
				A68104692D2D5A8200F88F77 /* CircularCodeViewController.swift in Sources */,
				A601E0A72CDA4664002DFCCA /* PJCameraView.swift in Sources */,
				A601E0AA2CDB202D002DFCCA /* PJCameraViewController.swift in Sources */,
			);
			runOnlyForDeploymentPostprocessing = 0;
		};
/* End PBXSourcesBuildPhase section */

/* Begin PBXVariantGroup section */
		A601E0982CDA4201002DFCCA /* Main.storyboard */ = {
			isa = PBXVariantGroup;
			children = (
				A601E0992CDA4201002DFCCA /* Base */,
			);
			name = Main.storyboard;
			sourceTree = "<group>";
		};
		A601E09D2CDA4203002DFCCA /* LaunchScreen.storyboard */ = {
			isa = PBXVariantGroup;
			children = (
				A601E09E2CDA4203002DFCCA /* Base */,
			);
			name = LaunchScreen.storyboard;
			sourceTree = "<group>";
		};
/* End PBXVariantGroup section */

/* Begin XCBuildConfiguration section */
		A601E0A12CDA4203002DFCCA /* Debug */ = {
			isa = XCBuildConfiguration;
			buildSettings = {
				ALWAYS_SEARCH_USER_PATHS = NO;
				ASSETCATALOG_COMPILER_GENERATE_SWIFT_ASSET_SYMBOL_EXTENSIONS = YES;
				CLANG_ANALYZER_NONNULL = YES;
				CLANG_ANALYZER_NUMBER_OBJECT_CONVERSION = YES_AGGRESSIVE;
				CLANG_CXX_LANGUAGE_STANDARD = "gnu++20";
				CLANG_ENABLE_MODULES = YES;
				CLANG_ENABLE_OBJC_ARC = YES;
				CLANG_ENABLE_OBJC_WEAK = YES;
				CLANG_WARN_BLOCK_CAPTURE_AUTORELEASING = YES;
				CLANG_WARN_BOOL_CONVERSION = YES;
				CLANG_WARN_COMMA = YES;
				CLANG_WARN_CONSTANT_CONVERSION = YES;
				CLANG_WARN_DEPRECATED_OBJC_IMPLEMENTATIONS = YES;
				CLANG_WARN_DIRECT_OBJC_ISA_USAGE = YES_ERROR;
				CLANG_WARN_DOCUMENTATION_COMMENTS = YES;
				CLANG_WARN_EMPTY_BODY = YES;
				CLANG_WARN_ENUM_CONVERSION = YES;
				CLANG_WARN_INFINITE_RECURSION = YES;
				CLANG_WARN_INT_CONVERSION = YES;
				CLANG_WARN_NON_LITERAL_NULL_CONVERSION = YES;
				CLANG_WARN_OBJC_IMPLICIT_RETAIN_SELF = YES;
				CLANG_WARN_OBJC_LITERAL_CONVERSION = YES;
				CLANG_WARN_OBJC_ROOT_CLASS = YES_ERROR;
				CLANG_WARN_QUOTED_INCLUDE_IN_FRAMEWORK_HEADER = YES;
				CLANG_WARN_RANGE_LOOP_ANALYSIS = YES;
				CLANG_WARN_STRICT_PROTOTYPES = YES;
				CLANG_WARN_SUSPICIOUS_MOVE = YES;
				CLANG_WARN_UNGUARDED_AVAILABILITY = YES_AGGRESSIVE;
				CLANG_WARN_UNREACHABLE_CODE = YES;
				CLANG_WARN__DUPLICATE_METHOD_MATCH = YES;
				COPY_PHASE_STRIP = NO;
				DEBUG_INFORMATION_FORMAT = dwarf;
				ENABLE_STRICT_OBJC_MSGSEND = YES;
				ENABLE_TESTABILITY = YES;
				ENABLE_USER_SCRIPT_SANDBOXING = YES;
				GCC_C_LANGUAGE_STANDARD = gnu17;
				GCC_DYNAMIC_NO_PIC = NO;
				GCC_NO_COMMON_BLOCKS = YES;
				GCC_OPTIMIZATION_LEVEL = 0;
				GCC_PREPROCESSOR_DEFINITIONS = (
					"DEBUG=1",
					"$(inherited)",
				);
				GCC_WARN_64_TO_32_BIT_CONVERSION = YES;
				GCC_WARN_ABOUT_RETURN_TYPE = YES_ERROR;
				GCC_WARN_UNDECLARED_SELECTOR = YES;
				GCC_WARN_UNINITIALIZED_AUTOS = YES_AGGRESSIVE;
				GCC_WARN_UNUSED_FUNCTION = YES;
				GCC_WARN_UNUSED_VARIABLE = YES;
				IPHONEOS_DEPLOYMENT_TARGET = 17.0;
				LOCALIZATION_PREFERS_STRING_CATALOGS = YES;
				MTL_ENABLE_DEBUG_INFO = INCLUDE_SOURCE;
				MTL_FAST_MATH = YES;
				ONLY_ACTIVE_ARCH = YES;
				SDKROOT = iphoneos;
				SWIFT_ACTIVE_COMPILATION_CONDITIONS = "DEBUG $(inherited)";
				SWIFT_OPTIMIZATION_LEVEL = "-Onone";
			};
			name = Debug;
		};
		A601E0A22CDA4203002DFCCA /* Release */ = {
			isa = XCBuildConfiguration;
			buildSettings = {
				ALWAYS_SEARCH_USER_PATHS = NO;
				ASSETCATALOG_COMPILER_GENERATE_SWIFT_ASSET_SYMBOL_EXTENSIONS = YES;
				CLANG_ANALYZER_NONNULL = YES;
				CLANG_ANALYZER_NUMBER_OBJECT_CONVERSION = YES_AGGRESSIVE;
				CLANG_CXX_LANGUAGE_STANDARD = "gnu++20";
				CLANG_ENABLE_MODULES = YES;
				CLANG_ENABLE_OBJC_ARC = YES;
				CLANG_ENABLE_OBJC_WEAK = YES;
				CLANG_WARN_BLOCK_CAPTURE_AUTORELEASING = YES;
				CLANG_WARN_BOOL_CONVERSION = YES;
				CLANG_WARN_COMMA = YES;
				CLANG_WARN_CONSTANT_CONVERSION = YES;
				CLANG_WARN_DEPRECATED_OBJC_IMPLEMENTATIONS = YES;
				CLANG_WARN_DIRECT_OBJC_ISA_USAGE = YES_ERROR;
				CLANG_WARN_DOCUMENTATION_COMMENTS = YES;
				CLANG_WARN_EMPTY_BODY = YES;
				CLANG_WARN_ENUM_CONVERSION = YES;
				CLANG_WARN_INFINITE_RECURSION = YES;
				CLANG_WARN_INT_CONVERSION = YES;
				CLANG_WARN_NON_LITERAL_NULL_CONVERSION = YES;
				CLANG_WARN_OBJC_IMPLICIT_RETAIN_SELF = YES;
				CLANG_WARN_OBJC_LITERAL_CONVERSION = YES;
				CLANG_WARN_OBJC_ROOT_CLASS = YES_ERROR;
				CLANG_WARN_QUOTED_INCLUDE_IN_FRAMEWORK_HEADER = YES;
				CLANG_WARN_RANGE_LOOP_ANALYSIS = YES;
				CLANG_WARN_STRICT_PROTOTYPES = YES;
				CLANG_WARN_SUSPICIOUS_MOVE = YES;
				CLANG_WARN_UNGUARDED_AVAILABILITY = YES_AGGRESSIVE;
				CLANG_WARN_UNREACHABLE_CODE = YES;
				CLANG_WARN__DUPLICATE_METHOD_MATCH = YES;
				COPY_PHASE_STRIP = NO;
				DEBUG_INFORMATION_FORMAT = "dwarf-with-dsym";
				ENABLE_NS_ASSERTIONS = NO;
				ENABLE_STRICT_OBJC_MSGSEND = YES;
				ENABLE_USER_SCRIPT_SANDBOXING = YES;
				GCC_C_LANGUAGE_STANDARD = gnu17;
				GCC_NO_COMMON_BLOCKS = YES;
				GCC_WARN_64_TO_32_BIT_CONVERSION = YES;
				GCC_WARN_ABOUT_RETURN_TYPE = YES_ERROR;
				GCC_WARN_UNDECLARED_SELECTOR = YES;
				GCC_WARN_UNINITIALIZED_AUTOS = YES_AGGRESSIVE;
				GCC_WARN_UNUSED_FUNCTION = YES;
				GCC_WARN_UNUSED_VARIABLE = YES;
				IPHONEOS_DEPLOYMENT_TARGET = 17.0;
				LOCALIZATION_PREFERS_STRING_CATALOGS = YES;
				MTL_ENABLE_DEBUG_INFO = NO;
				MTL_FAST_MATH = YES;
				SDKROOT = iphoneos;
				SWIFT_COMPILATION_MODE = wholemodule;
				VALIDATE_PRODUCT = YES;
			};
			name = Release;
		};
		A601E0A42CDA4203002DFCCA /* Debug */ = {
			isa = XCBuildConfiguration;
			baseConfigurationReference = 9FC76FE6AEA47F9C8F30478C /* Pods-CameraTest.debug.xcconfig */;
			buildSettings = {
				ASSETCATALOG_COMPILER_APPICON_NAME = AppIcon;
				ASSETCATALOG_COMPILER_GLOBAL_ACCENT_COLOR_NAME = AccentColor;
				CLANG_ENABLE_MODULES = YES;
				CODE_SIGN_STYLE = Automatic;
				CURRENT_PROJECT_VERSION = 1;
				DEVELOPMENT_TEAM = 95Q8UL69Y7;
				GENERATE_INFOPLIST_FILE = YES;
				INFOPLIST_FILE = CameraTest/Info.plist;
				INFOPLIST_KEY_UIApplicationSupportsIndirectInputEvents = YES;
				INFOPLIST_KEY_UILaunchStoryboardName = LaunchScreen;
				INFOPLIST_KEY_UIMainStoryboardFile = Main;
				INFOPLIST_KEY_UISupportedInterfaceOrientations_iPad = "UIInterfaceOrientationPortrait UIInterfaceOrientationPortraitUpsideDown UIInterfaceOrientationLandscapeLeft UIInterfaceOrientationLandscapeRight";
				INFOPLIST_KEY_UISupportedInterfaceOrientations_iPhone = "UIInterfaceOrientationPortrait UIInterfaceOrientationLandscapeLeft UIInterfaceOrientationLandscapeRight";
				LD_RUNPATH_SEARCH_PATHS = (
					"$(inherited)",
					"@executable_path/Frameworks",
				);
				MARKETING_VERSION = 1.0;
				PRODUCT_BUNDLE_IDENTIFIER = com.xepokoko.draft.CameraTest;
				PRODUCT_NAME = "$(TARGET_NAME)";
				SWIFT_EMIT_LOC_STRINGS = YES;
				SWIFT_OBJC_BRIDGING_HEADER = "CameraTest/RECodeRecognition/CameraTest-Bridging-Header.h";
				SWIFT_OPTIMIZATION_LEVEL = "-Onone";
				SWIFT_VERSION = 5.0;
				TARGETED_DEVICE_FAMILY = "1,2";
			};
			name = Debug;
		};
		A601E0A52CDA4203002DFCCA /* Release */ = {
			isa = XCBuildConfiguration;
			baseConfigurationReference = CDEAF417598D75F7C9490D19 /* Pods-CameraTest.release.xcconfig */;
			buildSettings = {
				ASSETCATALOG_COMPILER_APPICON_NAME = AppIcon;
				ASSETCATALOG_COMPILER_GLOBAL_ACCENT_COLOR_NAME = AccentColor;
				CLANG_ENABLE_MODULES = YES;
				CODE_SIGN_STYLE = Automatic;
				CURRENT_PROJECT_VERSION = 1;
				DEVELOPMENT_TEAM = 95Q8UL69Y7;
				GENERATE_INFOPLIST_FILE = YES;
				INFOPLIST_FILE = CameraTest/Info.plist;
				INFOPLIST_KEY_UIApplicationSupportsIndirectInputEvents = YES;
				INFOPLIST_KEY_UILaunchStoryboardName = LaunchScreen;
				INFOPLIST_KEY_UIMainStoryboardFile = Main;
				INFOPLIST_KEY_UISupportedInterfaceOrientations_iPad = "UIInterfaceOrientationPortrait UIInterfaceOrientationPortraitUpsideDown UIInterfaceOrientationLandscapeLeft UIInterfaceOrientationLandscapeRight";
				INFOPLIST_KEY_UISupportedInterfaceOrientations_iPhone = "UIInterfaceOrientationPortrait UIInterfaceOrientationLandscapeLeft UIInterfaceOrientationLandscapeRight";
				LD_RUNPATH_SEARCH_PATHS = (
					"$(inherited)",
					"@executable_path/Frameworks",
				);
				MARKETING_VERSION = 1.0;
				PRODUCT_BUNDLE_IDENTIFIER = com.xepokoko.draft.CameraTest;
				PRODUCT_NAME = "$(TARGET_NAME)";
				SWIFT_EMIT_LOC_STRINGS = YES;
				SWIFT_OBJC_BRIDGING_HEADER = "CameraTest/RECodeRecognition/CameraTest-Bridging-Header.h";
				SWIFT_VERSION = 5.0;
				TARGETED_DEVICE_FAMILY = "1,2";
			};
			name = Release;
		};
/* End XCBuildConfiguration section */

/* Begin XCConfigurationList section */
		A601E08A2CDA4201002DFCCA /* Build configuration list for PBXProject "CameraTest" */ = {
			isa = XCConfigurationList;
			buildConfigurations = (
				A601E0A12CDA4203002DFCCA /* Debug */,
				A601E0A22CDA4203002DFCCA /* Release */,
			);
			defaultConfigurationIsVisible = 0;
			defaultConfigurationName = Release;
		};
		A601E0A32CDA4203002DFCCA /* Build configuration list for PBXNativeTarget "CameraTest" */ = {
			isa = XCConfigurationList;
			buildConfigurations = (
				A601E0A42CDA4203002DFCCA /* Debug */,
				A601E0A52CDA4203002DFCCA /* Release */,
			);
			defaultConfigurationIsVisible = 0;
			defaultConfigurationName = Release;
		};
/* End XCConfigurationList section */
	};
	rootObject = A601E0872CDA4201002DFCCA /* Project object */;
}
